Microsoft Visual Studio Solution File, Format Version 12.00
# Visual Studio Version 17
VisualStudioVersion = 17.5.2.0
MinimumVisualStudioVersion = 10.0.40219.1
Project("{FAE04EC0-301F-11D3-BF4B-00C04F79EFBC}") = "DevilFruits", "DevilFruits.csproj", "{8558F47E-6C87-1BA9-E139-9473E6FE3D28}"
EndProject
Global
	GlobalSection(SolutionConfigurationPlatforms) = preSolution
		Debug|Any CPU = Debug|Any CPU
		Release|Any CPU = Release|Any CPU
	EndGlobalSection
	GlobalSection(ProjectConfigurationPlatforms) = postSolution
		{8558F47E-6C87-1BA9-E139-9473E6FE3D28}.Debug|Any CPU.ActiveCfg = Debug|Any CPU
		{8558F47E-6C87-1BA9-E139-9473E6FE3D28}.Debug|Any CPU.Build.0 = Debug|Any CPU
		{8558F47E-6C87-1BA9-E139-9473E6FE3D28}.Release|Any CPU.ActiveCfg = Release|Any CPU
		{8558F47E-6C87-1BA9-E139-9473E6FE3D28}.Release|Any CPU.Build.0 = Release|Any CPU
	EndGlobalSection
	GlobalSection(SolutionProperties) = preSolution
		HideSolutionNode = FALSE
	EndGlobalSection
	GlobalSection(ExtensibilityGlobals) = postSolution
		SolutionGuid = {8A096743-F6A7-4B0A-95D1-1F63954542D1}
	EndGlobalSection
EndGlobal
